
Microsoft Visual Studio Solution File, Format Version 12.00
# Visual Studio Version 17
VisualStudioVersion = 17.9.34728.123
MinimumVisualStudioVersion = 10.0.40219.1
Project("{FAE04EC0-301F-11D3-BF4B-00C04F79EFBC}") = "ConsoleApp4", "ConsoleApp4\ConsoleApp4.csproj", "{36F77860-F950-46E9-B41A-26123784EA67}"
EndProject
Global
	GlobalSection(SolutionConfigurationPlatforms) = preSolution
		Debug|Any CPU = Debug|Any CPU
		Release|Any CPU = Release|Any CPU
	EndGlobalSection
	GlobalSection(ProjectConfigurationPlatforms) = postSolution
		{36F77860-F950-46E9-B41A-26123784EA67}.Debug|Any CPU.ActiveCfg = Debug|Any CPU
		{36F77860-F950-46E9-B41A-26123784EA67}.Debug|Any CPU.Build.0 = Debug|Any CPU
		{36F77860-F950-46E9-B41A-26123784EA67}.Release|Any CPU.ActiveCfg = Release|Any CPU
		{36F77860-F950-46E9-B41A-26123784EA67}.Release|Any CPU.Build.0 = Release|Any CPU
	EndGlobalSection
	GlobalSection(SolutionProperties) = preSolution
		HideSolutionNode = FALSE
	EndGlobalSection
	GlobalSection(ExtensibilityGlobals) = postSolution
		SolutionGuid = {0DA8C2A4-3B19-477A-AD87-AFF25CD097CE}
	EndGlobalSection
EndGlobal
