
Microsoft Visual Studio Solution File, Format Version 12.00
# Visual Studio Version 17
VisualStudioVersion = 17.9.34728.123
MinimumVisualStudioVersion = 10.0.40219.1
Project("{9A19103F-16F7-4668-BE54-9A1E7A4F7556}") = "ReportService", "ReportService.csproj", "{D9A1A58C-A192-44A2-9F05-B326D2BC857A}"
EndProject
Global
	GlobalSection(SolutionConfigurationPlatforms) = preSolution
		Debug|Any CPU = Debug|Any CPU
		Release|Any CPU = Release|Any CPU
	EndGlobalSection
	GlobalSection(ProjectConfigurationPlatforms) = postSolution
		{D9A1A58C-A192-44A2-9F05-B326D2BC857A}.Debug|Any CPU.ActiveCfg = Debug|Any CPU
		{D9A1A58C-A192-44A2-9F05-B326D2BC857A}.Debug|Any CPU.Build.0 = Debug|Any CPU
		{D9A1A58C-A192-44A2-9F05-B326D2BC857A}.Release|Any CPU.ActiveCfg = Release|Any CPU
		{D9A1A58C-A192-44A2-9F05-B326D2BC857A}.Release|Any CPU.Build.0 = Release|Any CPU
	EndGlobalSection
	GlobalSection(SolutionProperties) = preSolution
		HideSolutionNode = FALSE
	EndGlobalSection
	GlobalSection(ExtensibilityGlobals) = postSolution
		SolutionGuid = {BE394D8C-C568-406C-8079-023B70D9376B}
	EndGlobalSection
EndGlobal
